
Microsoft Visual Studio Solution File, Format Version 12.00
# Visual Studio Version 17
VisualStudioVersion = 17.7.34024.191
MinimumVisualStudioVersion = 10.0.40219.1
Project("{FAE04EC0-301F-11D3-BF4B-00C04F79EFBC}") = "task_manager_c#", "task_manager_c#\task_manager_c#.csproj", "{302F3D68-11A7-493F-9F50-C9CCA68FFC31}"
EndProject
Global
	GlobalSection(SolutionConfigurationPlatforms) = preSolution
		Debug|Any CPU = Debug|Any CPU
		Release|Any CPU = Release|Any CPU
	EndGlobalSection
	GlobalSection(ProjectConfigurationPlatforms) = postSolution
		{302F3D68-11A7-493F-9F50-C9CCA68FFC31}.Debug|Any CPU.ActiveCfg = Debug|Any CPU
		{302F3D68-11A7-493F-9F50-C9CCA68FFC31}.Debug|Any CPU.Build.0 = Debug|Any CPU
		{302F3D68-11A7-493F-9F50-C9CCA68FFC31}.Release|Any CPU.ActiveCfg = Release|Any CPU
		{302F3D68-11A7-493F-9F50-C9CCA68FFC31}.Release|Any CPU.Build.0 = Release|Any CPU
	EndGlobalSection
	GlobalSection(SolutionProperties) = preSolution
		HideSolutionNode = FALSE
	EndGlobalSection
	GlobalSection(ExtensibilityGlobals) = postSolution
		SolutionGuid = {72D3FEC7-664D-4FE7-B082-1D6E3E1449E6}
	EndGlobalSection
EndGlobal
